
Microsoft Visual Studio Solution File, Format Version 12.00
# Visual Studio 15
VisualStudioVersion = 15.0.27130.2020
MinimumVisualStudioVersion = 10.0.40219.1
Project("{FAE04EC0-301F-11D3-BF4B-00C04F79EFBC}") = "Inheritance", "Inheritance\Inheritance.csproj", "{E499E78B-EB48-464C-BA5E-54A17B97279C}"
EndProject
Global
	GlobalSection(SolutionConfigurationPlatforms) = preSolution
		Debug|Any CPU = Debug|Any CPU
		Release|Any CPU = Release|Any CPU
	EndGlobalSection
	GlobalSection(ProjectConfigurationPlatforms) = postSolution
		{E499E78B-EB48-464C-BA5E-54A17B97279C}.Debug|Any CPU.ActiveCfg = Debug|Any CPU
		{E499E78B-EB48-464C-BA5E-54A17B97279C}.Debug|Any CPU.Build.0 = Debug|Any CPU
		{E499E78B-EB48-464C-BA5E-54A17B97279C}.Release|Any CPU.ActiveCfg = Release|Any CPU
		{E499E78B-EB48-464C-BA5E-54A17B97279C}.Release|Any CPU.Build.0 = Release|Any CPU
	EndGlobalSection
	GlobalSection(SolutionProperties) = preSolution
		HideSolutionNode = FALSE
	EndGlobalSection
	GlobalSection(ExtensibilityGlobals) = postSolution
		SolutionGuid = {465868F7-ACFF-4B04-A3FC-66B803DCF5A5}
	EndGlobalSection
EndGlobal
